
Microsoft Visual Studio Solution File, Format Version 10.00
# Visual Studio 2008
Project("{FAE04EC0-301F-11D3-BF4B-00C04F79EFBC}") = "Fixer", "Fixer.csproj", "{CFE73A90-2C70-4C95-9D1C-FEB60CB3DDCC}"
EndProject
Global
	GlobalSection(SolutionConfigurationPlatforms) = preSolution
		Debug|Any CPU = Debug|Any CPU
		Release|Any CPU = Release|Any CPU
	EndGlobalSection
	GlobalSection(ProjectConfigurationPlatforms) = postSolution
		{CFE73A90-2C70-4C95-9D1C-FEB60CB3DDCC}.Debug|Any CPU.ActiveCfg = Debug|Any CPU
		{CFE73A90-2C70-4C95-9D1C-FEB60CB3DDCC}.Debug|Any CPU.Build.0 = Debug|Any CPU
		{CFE73A90-2C70-4C95-9D1C-FEB60CB3DDCC}.Release|Any CPU.ActiveCfg = Release|Any CPU
		{CFE73A90-2C70-4C95-9D1C-FEB60CB3DDCC}.Release|Any CPU.Build.0 = Release|Any CPU
	EndGlobalSection
	GlobalSection(SolutionProperties) = preSolution
		HideSolutionNode = FALSE
	EndGlobalSection
EndGlobal
